
Microsoft Visual Studio Solution File, Format Version 12.00
# Visual Studio Version 17
VisualStudioVersion = 17.8.34525.116
MinimumVisualStudioVersion = 10.0.40219.1
Project("{FAE04EC0-301F-11D3-BF4B-00C04F79EFBC}") = "Big Mamma Pizzaria", "Big Mamma Pizzaria\Big Mamma Pizzaria.csproj", "{54751CF5-9CB3-4E39-A065-D4AD933483F7}"
EndProject
Global
	GlobalSection(SolutionConfigurationPlatforms) = preSolution
		Debug|Any CPU = Debug|Any CPU
		Release|Any CPU = Release|Any CPU
	EndGlobalSection
	GlobalSection(ProjectConfigurationPlatforms) = postSolution
		{54751CF5-9CB3-4E39-A065-D4AD933483F7}.Debug|Any CPU.ActiveCfg = Debug|Any CPU
		{54751CF5-9CB3-4E39-A065-D4AD933483F7}.Debug|Any CPU.Build.0 = Debug|Any CPU
		{54751CF5-9CB3-4E39-A065-D4AD933483F7}.Release|Any CPU.ActiveCfg = Release|Any CPU
		{54751CF5-9CB3-4E39-A065-D4AD933483F7}.Release|Any CPU.Build.0 = Release|Any CPU
	EndGlobalSection
	GlobalSection(SolutionProperties) = preSolution
		HideSolutionNode = FALSE
	EndGlobalSection
	GlobalSection(ExtensibilityGlobals) = postSolution
		SolutionGuid = {7E2B02E7-375B-446A-9B1A-D77430C75539}
	EndGlobalSection
EndGlobal
